
Microsoft Visual Studio Solution File, Format Version 12.00
# Visual Studio Version 16
VisualStudioVersion = 16.0.30204.135
MinimumVisualStudioVersion = 10.0.40219.1
Project("{FAE04EC0-301F-11D3-BF4B-00C04F79EFBC}") = "IOCompressionProject", "IOCompressionProject.csproj", "{870EA12C-B8AC-404F-8DD8-88B68A86AE92}"
EndProject
Global
	GlobalSection(SolutionConfigurationPlatforms) = preSolution
		Debug|Any CPU = Debug|Any CPU
		Release|Any CPU = Release|Any CPU
	EndGlobalSection
	GlobalSection(ProjectConfigurationPlatforms) = postSolution
		{870EA12C-B8AC-404F-8DD8-88B68A86AE92}.Debug|Any CPU.ActiveCfg = Debug|Any CPU
		{870EA12C-B8AC-404F-8DD8-88B68A86AE92}.Debug|Any CPU.Build.0 = Debug|Any CPU
		{870EA12C-B8AC-404F-8DD8-88B68A86AE92}.Release|Any CPU.ActiveCfg = Release|Any CPU
		{870EA12C-B8AC-404F-8DD8-88B68A86AE92}.Release|Any CPU.Build.0 = Release|Any CPU
	EndGlobalSection
	GlobalSection(SolutionProperties) = preSolution
		HideSolutionNode = FALSE
	EndGlobalSection
	GlobalSection(ExtensibilityGlobals) = postSolution
		SolutionGuid = {480F7647-9C00-447B-89C1-5EB9B1A9425C}
	EndGlobalSection
EndGlobal
